
Microsoft Visual Studio Solution File, Format Version 12.00
# Visual Studio 15
VisualStudioVersion = 15.0.26124.0
MinimumVisualStudioVersion = 15.0.26124.0
Project("{2150E333-8FDC-42A3-9474-1A3956D46DE8}") = "tests", "tests", "{BDF8BBCA-C9E5-46C2-81F4-E32FD6E2C436}"
EndProject
Project("{FAE04EC0-301F-11D3-BF4B-00C04F79EFBC}") = "SampleModule", "tests\SampleModule\SampleModule.csproj", "{0336F2F8-C051-4F76-835C-B45E42CC3092}"
EndProject
Project("{FAE04EC0-301F-11D3-BF4B-00C04F79EFBC}") = "tests", "tests\tests\tests.csproj", "{7BE40EA7-5DD2-4BC6-8092-5B89558D3311}"
EndProject
Project("{2150E333-8FDC-42A3-9474-1A3956D46DE8}") = "src", "src", "{C76087B1-8942-4F39-8E13-0952ED2F8133}"
EndProject
Project("{FAE04EC0-301F-11D3-BF4B-00C04F79EFBC}") = "PSRos", "src\PSRos\PSRos.csproj", "{7D6F6A2C-A8E6-4443-A26B-C72FA5AB1F68}"
EndProject
Global
	GlobalSection(SolutionConfigurationPlatforms) = preSolution
		Debug|Any CPU = Debug|Any CPU
		Release|Any CPU = Release|Any CPU
		Debug|x64 = Debug|x64
		Debug|x86 = Debug|x86
		Release|x64 = Release|x64
		Release|x86 = Release|x86
	EndGlobalSection
	GlobalSection(SolutionProperties) = preSolution
		HideSolutionNode = FALSE
	EndGlobalSection
	GlobalSection(ProjectConfigurationPlatforms) = postSolution
		{0336F2F8-C051-4F76-835C-B45E42CC3092}.Debug|Any CPU.ActiveCfg = Debug|Any CPU
		{0336F2F8-C051-4F76-835C-B45E42CC3092}.Debug|Any CPU.Build.0 = Debug|Any CPU
		{0336F2F8-C051-4F76-835C-B45E42CC3092}.Debug|x64.ActiveCfg = Debug|x64
		{0336F2F8-C051-4F76-835C-B45E42CC3092}.Debug|x64.Build.0 = Debug|x64
		{0336F2F8-C051-4F76-835C-B45E42CC3092}.Debug|x86.ActiveCfg = Debug|x86
		{0336F2F8-C051-4F76-835C-B45E42CC3092}.Debug|x86.Build.0 = Debug|x86
		{0336F2F8-C051-4F76-835C-B45E42CC3092}.Release|Any CPU.ActiveCfg = Release|Any CPU
		{0336F2F8-C051-4F76-835C-B45E42CC3092}.Release|Any CPU.Build.0 = Release|Any CPU
		{0336F2F8-C051-4F76-835C-B45E42CC3092}.Release|x64.ActiveCfg = Release|x64
		{0336F2F8-C051-4F76-835C-B45E42CC3092}.Release|x64.Build.0 = Release|x64
		{0336F2F8-C051-4F76-835C-B45E42CC3092}.Release|x86.ActiveCfg = Release|x86
		{0336F2F8-C051-4F76-835C-B45E42CC3092}.Release|x86.Build.0 = Release|x86
		{7BE40EA7-5DD2-4BC6-8092-5B89558D3311}.Debug|Any CPU.ActiveCfg = Debug|Any CPU
		{7BE40EA7-5DD2-4BC6-8092-5B89558D3311}.Debug|Any CPU.Build.0 = Debug|Any CPU
		{7BE40EA7-5DD2-4BC6-8092-5B89558D3311}.Debug|x64.ActiveCfg = Debug|x64
		{7BE40EA7-5DD2-4BC6-8092-5B89558D3311}.Debug|x64.Build.0 = Debug|x64
		{7BE40EA7-5DD2-4BC6-8092-5B89558D3311}.Debug|x86.ActiveCfg = Debug|x86
		{7BE40EA7-5DD2-4BC6-8092-5B89558D3311}.Debug|x86.Build.0 = Debug|x86
		{7BE40EA7-5DD2-4BC6-8092-5B89558D3311}.Release|Any CPU.ActiveCfg = Release|Any CPU
		{7BE40EA7-5DD2-4BC6-8092-5B89558D3311}.Release|Any CPU.Build.0 = Release|Any CPU
		{7BE40EA7-5DD2-4BC6-8092-5B89558D3311}.Release|x64.ActiveCfg = Release|x64
		{7BE40EA7-5DD2-4BC6-8092-5B89558D3311}.Release|x64.Build.0 = Release|x64
		{7BE40EA7-5DD2-4BC6-8092-5B89558D3311}.Release|x86.ActiveCfg = Release|x86
		{7BE40EA7-5DD2-4BC6-8092-5B89558D3311}.Release|x86.Build.0 = Release|x86
		{7D6F6A2C-A8E6-4443-A26B-C72FA5AB1F68}.Debug|Any CPU.ActiveCfg = Debug|Any CPU
		{7D6F6A2C-A8E6-4443-A26B-C72FA5AB1F68}.Debug|Any CPU.Build.0 = Debug|Any CPU
		{7D6F6A2C-A8E6-4443-A26B-C72FA5AB1F68}.Debug|x64.ActiveCfg = Debug|x64
		{7D6F6A2C-A8E6-4443-A26B-C72FA5AB1F68}.Debug|x64.Build.0 = Debug|x64
		{7D6F6A2C-A8E6-4443-A26B-C72FA5AB1F68}.Debug|x86.ActiveCfg = Debug|x86
		{7D6F6A2C-A8E6-4443-A26B-C72FA5AB1F68}.Debug|x86.Build.0 = Debug|x86
		{7D6F6A2C-A8E6-4443-A26B-C72FA5AB1F68}.Release|Any CPU.ActiveCfg = Release|Any CPU
		{7D6F6A2C-A8E6-4443-A26B-C72FA5AB1F68}.Release|Any CPU.Build.0 = Release|Any CPU
		{7D6F6A2C-A8E6-4443-A26B-C72FA5AB1F68}.Release|x64.ActiveCfg = Release|x64
		{7D6F6A2C-A8E6-4443-A26B-C72FA5AB1F68}.Release|x64.Build.0 = Release|x64
		{7D6F6A2C-A8E6-4443-A26B-C72FA5AB1F68}.Release|x86.ActiveCfg = Release|x86
		{7D6F6A2C-A8E6-4443-A26B-C72FA5AB1F68}.Release|x86.Build.0 = Release|x86
	EndGlobalSection
	GlobalSection(NestedProjects) = preSolution
		{0336F2F8-C051-4F76-835C-B45E42CC3092} = {BDF8BBCA-C9E5-46C2-81F4-E32FD6E2C436}
		{7BE40EA7-5DD2-4BC6-8092-5B89558D3311} = {BDF8BBCA-C9E5-46C2-81F4-E32FD6E2C436}
		{7D6F6A2C-A8E6-4443-A26B-C72FA5AB1F68} = {C76087B1-8942-4F39-8E13-0952ED2F8133}
	EndGlobalSection
EndGlobal
